
Microsoft Visual Studio Solution File, Format Version 12.00
# Visual Studio 15
VisualStudioVersion = 15.0.28010.2046
MinimumVisualStudioVersion = 10.0.40219.1
Project("{FAE04EC0-301F-11D3-BF4B-00C04F79EFBC}") = "Printer", "Printer\Printer.csproj", "{41ED6235-3C76-4723-A5F6-02D2FA51E677}"
EndProject
Global
	GlobalSection(SolutionConfigurationPlatforms) = preSolution
		Debug|Any CPU = Debug|Any CPU
		Release|Any CPU = Release|Any CPU
	EndGlobalSection
	GlobalSection(ProjectConfigurationPlatforms) = postSolution
		{41ED6235-3C76-4723-A5F6-02D2FA51E677}.Debug|Any CPU.ActiveCfg = Debug|Any CPU
		{41ED6235-3C76-4723-A5F6-02D2FA51E677}.Debug|Any CPU.Build.0 = Debug|Any CPU
		{41ED6235-3C76-4723-A5F6-02D2FA51E677}.Release|Any CPU.ActiveCfg = Release|Any CPU
		{41ED6235-3C76-4723-A5F6-02D2FA51E677}.Release|Any CPU.Build.0 = Release|Any CPU
	EndGlobalSection
	GlobalSection(SolutionProperties) = preSolution
		HideSolutionNode = FALSE
	EndGlobalSection
	GlobalSection(ExtensibilityGlobals) = postSolution
		SolutionGuid = {FC401D2A-E68E-47EE-B315-E1A2F0B292FA}
	EndGlobalSection
EndGlobal
